{
  "name": "cryptribo",
  "version": "1.0.0",
  "lockfileVersion": 1,
  "requires": true,
  "dependencies": {
    "cryptribo": {
      "version": "0.0.51",
      "resolved": "https://registry.npmjs.org/cryptribo/-/cryptribo-0.0.51.tgz",
      "integrity": "sha512-8QGXzGc7sMBifCEFCWK57Z8uMO2c9w3MVQWeelxz6Cj/tITcF/GlbFIGD1B1JbX7ufK4ZyOSnrprxsXLQDaqhA=="
    }
  }
}
